
Microsoft Visual Studio Solution File, Format Version 12.00
# Visual Studio Version 17
VisualStudioVersion = 17.2.32526.322
MinimumVisualStudioVersion = 10.0.40219.1
Project("{FAE04EC0-301F-11D3-BF4B-00C04F79EFBC}") = "Onebrb.Web", "Onebrb.Web\Onebrb.Web.csproj", "{01846795-AE76-4114-B12A-1BB228D5EAF5}"
EndProject
Global
	GlobalSection(SolutionConfigurationPlatforms) = preSolution
		Debug|Any CPU = Debug|Any CPU
		Release|Any CPU = Release|Any CPU
	EndGlobalSection
	GlobalSection(ProjectConfigurationPlatforms) = postSolution
		{01846795-AE76-4114-B12A-1BB228D5EAF5}.Debug|Any CPU.ActiveCfg = Debug|Any CPU
		{01846795-AE76-4114-B12A-1BB228D5EAF5}.Debug|Any CPU.Build.0 = Debug|Any CPU
		{01846795-AE76-4114-B12A-1BB228D5EAF5}.Release|Any CPU.ActiveCfg = Release|Any CPU
		{01846795-AE76-4114-B12A-1BB228D5EAF5}.Release|Any CPU.Build.0 = Release|Any CPU
	EndGlobalSection
	GlobalSection(SolutionProperties) = preSolution
		HideSolutionNode = FALSE
	EndGlobalSection
	GlobalSection(ExtensibilityGlobals) = postSolution
		SolutionGuid = {D0F1CCA7-3450-465F-B68D-93BF9E25BE20}
	EndGlobalSection
EndGlobal
